
Microsoft Visual Studio Solution File, Format Version 12.00
# Visual Studio Version 16
VisualStudioVersion = 16.0.31112.23
MinimumVisualStudioVersion = 10.0.40219.1
Project("{FAE04EC0-301F-11D3-BF4B-00C04F79EFBC}") = "SimiSoft.DAL", "SimiSoft.DAL\SimiSoft.DAL.csproj", "{24332DB5-2560-40E6-9DDD-94CA41AB2FD2}"
EndProject
Project("{FAE04EC0-301F-11D3-BF4B-00C04F79EFBC}") = "SimiSoft.BML", "SimiSoft.BML\SimiSoft.BML.csproj", "{A4A5D4CD-EE71-4451-9870-B22284716E6B}"
EndProject
Project("{FAE04EC0-301F-11D3-BF4B-00C04F79EFBC}") = "SimiSoft", "SimiSoft\SimiSoft.csproj", "{A0D1F66E-9E55-414A-BB42-53220DAA9B0F}"
EndProject
Global
	GlobalSection(SolutionConfigurationPlatforms) = preSolution
		Debug|Any CPU = Debug|Any CPU
		Release|Any CPU = Release|Any CPU
	EndGlobalSection
	GlobalSection(ProjectConfigurationPlatforms) = postSolution
		{24332DB5-2560-40E6-9DDD-94CA41AB2FD2}.Debug|Any CPU.ActiveCfg = Debug|Any CPU
		{24332DB5-2560-40E6-9DDD-94CA41AB2FD2}.Debug|Any CPU.Build.0 = Debug|Any CPU
		{24332DB5-2560-40E6-9DDD-94CA41AB2FD2}.Release|Any CPU.ActiveCfg = Release|Any CPU
		{24332DB5-2560-40E6-9DDD-94CA41AB2FD2}.Release|Any CPU.Build.0 = Release|Any CPU
		{A4A5D4CD-EE71-4451-9870-B22284716E6B}.Debug|Any CPU.ActiveCfg = Debug|Any CPU
		{A4A5D4CD-EE71-4451-9870-B22284716E6B}.Debug|Any CPU.Build.0 = Debug|Any CPU
		{A4A5D4CD-EE71-4451-9870-B22284716E6B}.Release|Any CPU.ActiveCfg = Release|Any CPU
		{A4A5D4CD-EE71-4451-9870-B22284716E6B}.Release|Any CPU.Build.0 = Release|Any CPU
		{A0D1F66E-9E55-414A-BB42-53220DAA9B0F}.Debug|Any CPU.ActiveCfg = Debug|Any CPU
		{A0D1F66E-9E55-414A-BB42-53220DAA9B0F}.Debug|Any CPU.Build.0 = Debug|Any CPU
		{A0D1F66E-9E55-414A-BB42-53220DAA9B0F}.Release|Any CPU.ActiveCfg = Release|Any CPU
		{A0D1F66E-9E55-414A-BB42-53220DAA9B0F}.Release|Any CPU.Build.0 = Release|Any CPU
	EndGlobalSection
	GlobalSection(SolutionProperties) = preSolution
		HideSolutionNode = FALSE
	EndGlobalSection
	GlobalSection(ExtensibilityGlobals) = postSolution
		SolutionGuid = {0563EB74-8866-4721-A991-E97BD1DF9159}
	EndGlobalSection
EndGlobal
